
Microsoft Visual Studio Solution File, Format Version 12.00
# Visual Studio Version 16
VisualStudioVersion = 16.0.30523.141
MinimumVisualStudioVersion = 10.0.40219.1
Project("{FAE04EC0-301F-11D3-BF4B-00C04F79EFBC}") = "Ejercicio5", "Ejercicio5\Ejercicio5.csproj", "{49FA5689-19AF-4345-9A7A-DC26E7A0F56B}"
EndProject
Global
	GlobalSection(SolutionConfigurationPlatforms) = preSolution
		Debug|Any CPU = Debug|Any CPU
		Release|Any CPU = Release|Any CPU
	EndGlobalSection
	GlobalSection(ProjectConfigurationPlatforms) = postSolution
		{49FA5689-19AF-4345-9A7A-DC26E7A0F56B}.Debug|Any CPU.ActiveCfg = Debug|Any CPU
		{49FA5689-19AF-4345-9A7A-DC26E7A0F56B}.Debug|Any CPU.Build.0 = Debug|Any CPU
		{49FA5689-19AF-4345-9A7A-DC26E7A0F56B}.Release|Any CPU.ActiveCfg = Release|Any CPU
		{49FA5689-19AF-4345-9A7A-DC26E7A0F56B}.Release|Any CPU.Build.0 = Release|Any CPU
	EndGlobalSection
	GlobalSection(SolutionProperties) = preSolution
		HideSolutionNode = FALSE
	EndGlobalSection
	GlobalSection(ExtensibilityGlobals) = postSolution
		SolutionGuid = {F551B120-FF9D-41C3-A37C-08FE592979DA}
	EndGlobalSection
EndGlobal
